// !$*UTF8*$!
{
	archiveVersion = 1;
	classes = {
	};
	objectVersion = 56;
	objects = {

/* Begin PBXBuildFile section */
		B601A40F2A08162A00988977 /* RequestGenerics.swift in Sources */ = {isa = PBXBuildFile; fileRef = B601A40E2A08162A00988977 /* RequestGenerics.swift */; };
		B601A4122A08202C00988977 /* Character.swift in Sources */ = {isa = PBXBuildFile; fileRef = B601A4112A08202C00988977 /* Character.swift */; };
		B601A4152A0820BA00988977 /* Worker.swift in Sources */ = {isa = PBXBuildFile; fileRef = B601A4142A0820BA00988977 /* Worker.swift */; };
		B608378A2A09A3490047CF5A /* CryptoSwift in Frameworks */ = {isa = PBXBuildFile; productRef = B60837892A09A3490047CF5A /* CryptoSwift */; };
		B608378D2A09D70E0047CF5A /* ApiServices.swift in Sources */ = {isa = PBXBuildFile; fileRef = B608378C2A09D70E0047CF5A /* ApiServices.swift */; };
		B60837952A09F4CC0047CF5A /* Kingfisher in Frameworks */ = {isa = PBXBuildFile; productRef = B60837942A09F4CC0047CF5A /* Kingfisher */; };
		B67FDC552A0A9D35002DFD7A /* MHCharacterCollectionViewCell.swift in Sources */ = {isa = PBXBuildFile; fileRef = B67FDC542A0A9D35002DFD7A /* MHCharacterCollectionViewCell.swift */; };
		B6ADD8182A074553009F2DAB /* AppDelegate.swift in Sources */ = {isa = PBXBuildFile; fileRef = B6ADD8172A074553009F2DAB /* AppDelegate.swift */; };
		B6ADD81A2A074553009F2DAB /* SceneDelegate.swift in Sources */ = {isa = PBXBuildFile; fileRef = B6ADD8192A074553009F2DAB /* SceneDelegate.swift */; };
		B6ADD8212A074554009F2DAB /* Assets.xcassets in Resources */ = {isa = PBXBuildFile; fileRef = B6ADD8202A074554009F2DAB /* Assets.xcassets */; };
		B6ADD8242A074554009F2DAB /* LaunchScreen.storyboard in Resources */ = {isa = PBXBuildFile; fileRef = B6ADD8222A074554009F2DAB /* LaunchScreen.storyboard */; };
		B6ADD8332A07485A009F2DAB /* MarvelHeroesListViewController.swift in Sources */ = {isa = PBXBuildFile; fileRef = B6ADD8322A07485A009F2DAB /* MarvelHeroesListViewController.swift */; };
		B6ADD8352A0748AD009F2DAB /* MarvelHeroesListView.swift in Sources */ = {isa = PBXBuildFile; fileRef = B6ADD8342A0748AD009F2DAB /* MarvelHeroesListView.swift */; };
		B6ADD8372A0748D7009F2DAB /* MarvelHeroesListViewModel.swift in Sources */ = {isa = PBXBuildFile; fileRef = B6ADD8362A0748D6009F2DAB /* MarvelHeroesListViewModel.swift */; };
		B6ADD8392A07490C009F2DAB /* Coordinator.swift in Sources */ = {isa = PBXBuildFile; fileRef = B6ADD8382A07490C009F2DAB /* Coordinator.swift */; };
/* End PBXBuildFile section */

/* Begin PBXFileReference section */
		B601A40E2A08162A00988977 /* RequestGenerics.swift */ = {isa = PBXFileReference; lastKnownFileType = sourcecode.swift; path = RequestGenerics.swift; sourceTree = "<group>"; };
		B601A4112A08202C00988977 /* Character.swift */ = {isa = PBXFileReference; lastKnownFileType = sourcecode.swift; path = Character.swift; sourceTree = "<group>"; };
		B601A4142A0820BA00988977 /* Worker.swift */ = {isa = PBXFileReference; lastKnownFileType = sourcecode.swift; path = Worker.swift; sourceTree = "<group>"; };
		B608378C2A09D70E0047CF5A /* ApiServices.swift */ = {isa = PBXFileReference; lastKnownFileType = sourcecode.swift; path = ApiServices.swift; sourceTree = "<group>"; };
		B67FDC542A0A9D35002DFD7A /* MHCharacterCollectionViewCell.swift */ = {isa = PBXFileReference; lastKnownFileType = sourcecode.swift; path = MHCharacterCollectionViewCell.swift; sourceTree = "<group>"; };
		B6ADD8142A074553009F2DAB /* MarvelHeroes.app */ = {isa = PBXFileReference; explicitFileType = wrapper.application; includeInIndex = 0; path = MarvelHeroes.app; sourceTree = BUILT_PRODUCTS_DIR; };
		B6ADD8172A074553009F2DAB /* AppDelegate.swift */ = {isa = PBXFileReference; lastKnownFileType = sourcecode.swift; path = AppDelegate.swift; sourceTree = "<group>"; };
		B6ADD8192A074553009F2DAB /* SceneDelegate.swift */ = {isa = PBXFileReference; lastKnownFileType = sourcecode.swift; path = SceneDelegate.swift; sourceTree = "<group>"; };
		B6ADD8202A074554009F2DAB /* Assets.xcassets */ = {isa = PBXFileReference; lastKnownFileType = folder.assetcatalog; path = Assets.xcassets; sourceTree = "<group>"; };
		B6ADD8232A074554009F2DAB /* Base */ = {isa = PBXFileReference; lastKnownFileType = file.storyboard; name = Base; path = Base.lproj/LaunchScreen.storyboard; sourceTree = "<group>"; };
		B6ADD8252A074554009F2DAB /* Info.plist */ = {isa = PBXFileReference; lastKnownFileType = text.plist.xml; path = Info.plist; sourceTree = "<group>"; };
		B6ADD8322A07485A009F2DAB /* MarvelHeroesListViewController.swift */ = {isa = PBXFileReference; lastKnownFileType = sourcecode.swift; path = MarvelHeroesListViewController.swift; sourceTree = "<group>"; };
		B6ADD8342A0748AD009F2DAB /* MarvelHeroesListView.swift */ = {isa = PBXFileReference; lastKnownFileType = sourcecode.swift; path = MarvelHeroesListView.swift; sourceTree = "<group>"; };
		B6ADD8362A0748D6009F2DAB /* MarvelHeroesListViewModel.swift */ = {isa = PBXFileReference; lastKnownFileType = sourcecode.swift; path = MarvelHeroesListViewModel.swift; sourceTree = "<group>"; };
		B6ADD8382A07490C009F2DAB /* Coordinator.swift */ = {isa = PBXFileReference; lastKnownFileType = sourcecode.swift; path = Coordinator.swift; sourceTree = "<group>"; };
/* End PBXFileReference section */

/* Begin PBXFrameworksBuildPhase section */
		B6ADD8112A074553009F2DAB /* Frameworks */ = {
			isa = PBXFrameworksBuildPhase;
			buildActionMask = 2147483647;
			files = (
				B60837952A09F4CC0047CF5A /* Kingfisher in Frameworks */,
				B608378A2A09A3490047CF5A /* CryptoSwift in Frameworks */,
			);
			runOnlyForDeploymentPostprocessing = 0;
		};
/* End PBXFrameworksBuildPhase section */

/* Begin PBXGroup section */
		B601A40D2A0815EA00988977 /* RequestGenerics */ = {
			isa = PBXGroup;
			children = (
				B601A40E2A08162A00988977 /* RequestGenerics.swift */,
			);
			path = RequestGenerics;
			sourceTree = "<group>";
		};
		B601A4102A08200A00988977 /* Model */ = {
			isa = PBXGroup;
			children = (
				B601A4112A08202C00988977 /* Character.swift */,
			);
			path = Model;
			sourceTree = "<group>";
		};
		B601A4132A0820A200988977 /* Worker */ = {
			isa = PBXGroup;
			children = (
				B601A4142A0820BA00988977 /* Worker.swift */,
			);
			path = Worker;
			sourceTree = "<group>";
		};
		B608378B2A09D6F00047CF5A /* ApiServices */ = {
			isa = PBXGroup;
			children = (
				B608378C2A09D70E0047CF5A /* ApiServices.swift */,
			);
			path = ApiServices;
			sourceTree = "<group>";
		};
		B67FDC532A0A9D06002DFD7A /* Cell */ = {
			isa = PBXGroup;
			children = (
				B67FDC542A0A9D35002DFD7A /* MHCharacterCollectionViewCell.swift */,
			);
			path = Cell;
			sourceTree = "<group>";
		};
		B6ADD80B2A074553009F2DAB = {
			isa = PBXGroup;
			children = (
				B6ADD8162A074553009F2DAB /* MarvelHeroes */,
				B6ADD82F2A074822009F2DAB /* Source */,
				B6ADD8152A074553009F2DAB /* Products */,
			);
			sourceTree = "<group>";
		};
		B6ADD8152A074553009F2DAB /* Products */ = {
			isa = PBXGroup;
			children = (
				B6ADD8142A074553009F2DAB /* MarvelHeroes.app */,
			);
			name = Products;
			sourceTree = "<group>";
		};
		B6ADD8162A074553009F2DAB /* MarvelHeroes */ = {
			isa = PBXGroup;
			children = (
				B6ADD8172A074553009F2DAB /* AppDelegate.swift */,
				B6ADD8192A074553009F2DAB /* SceneDelegate.swift */,
				B6ADD8202A074554009F2DAB /* Assets.xcassets */,
				B6ADD8222A074554009F2DAB /* LaunchScreen.storyboard */,
				B6ADD8252A074554009F2DAB /* Info.plist */,
			);
			path = MarvelHeroes;
			sourceTree = "<group>";
		};
		B6ADD82F2A074822009F2DAB /* Source */ = {
			isa = PBXGroup;
			children = (
				B608378B2A09D6F00047CF5A /* ApiServices */,
				B6ADD8302A07482F009F2DAB /* Controllers */,
				B6ADD8312A074832009F2DAB /* Coordinator */,
				B601A4102A08200A00988977 /* Model */,
				B601A40D2A0815EA00988977 /* RequestGenerics */,
				B601A4132A0820A200988977 /* Worker */,
			);
			path = Source;
			sourceTree = "<group>";
		};
		B6ADD8302A07482F009F2DAB /* Controllers */ = {
			isa = PBXGroup;
			children = (
				B6ADD83A2A07498A009F2DAB /* MarvelHeroesList */,
			);
			path = Controllers;
			sourceTree = "<group>";
		};
		B6ADD8312A074832009F2DAB /* Coordinator */ = {
			isa = PBXGroup;
			children = (
				B6ADD8382A07490C009F2DAB /* Coordinator.swift */,
			);
			path = Coordinator;
			sourceTree = "<group>";
		};
		B6ADD83A2A07498A009F2DAB /* MarvelHeroesList */ = {
			isa = PBXGroup;
			children = (
				B67FDC532A0A9D06002DFD7A /* Cell */,
				B6ADD8342A0748AD009F2DAB /* MarvelHeroesListView.swift */,
				B6ADD8322A07485A009F2DAB /* MarvelHeroesListViewController.swift */,
				B6ADD8362A0748D6009F2DAB /* MarvelHeroesListViewModel.swift */,
			);
			path = MarvelHeroesList;
			sourceTree = "<group>";
		};
/* End PBXGroup section */

/* Begin PBXNativeTarget section */
		B6ADD8132A074553009F2DAB /* MarvelHeroes */ = {
			isa = PBXNativeTarget;
			buildConfigurationList = B6ADD8282A074554009F2DAB /* Build configuration list for PBXNativeTarget "MarvelHeroes" */;
			buildPhases = (
				B6ADD8102A074553009F2DAB /* Sources */,
				B6ADD8112A074553009F2DAB /* Frameworks */,
				B6ADD8122A074553009F2DAB /* Resources */,
			);
			buildRules = (
			);
			dependencies = (
			);
			name = MarvelHeroes;
			packageProductDependencies = (
				B60837892A09A3490047CF5A /* CryptoSwift */,
				B60837942A09F4CC0047CF5A /* Kingfisher */,
			);
			productName = MarvelHeroes;
			productReference = B6ADD8142A074553009F2DAB /* MarvelHeroes.app */;
			productType = "com.apple.product-type.application";
		};
/* End PBXNativeTarget section */

/* Begin PBXProject section */
		B6ADD80C2A074553009F2DAB /* Project object */ = {
			isa = PBXProject;
			attributes = {
				BuildIndependentTargetsInParallel = 1;
				LastSwiftUpdateCheck = 1420;
				LastUpgradeCheck = 1420;
				TargetAttributes = {
					B6ADD8132A074553009F2DAB = {
						CreatedOnToolsVersion = 14.2;
					};
				};
			};
			buildConfigurationList = B6ADD80F2A074553009F2DAB /* Build configuration list for PBXProject "MarvelHeroes" */;
			compatibilityVersion = "Xcode 14.0";
			developmentRegion = en;
			hasScannedForEncodings = 0;
			knownRegions = (
				en,
				Base,
			);
			mainGroup = B6ADD80B2A074553009F2DAB;
			packageReferences = (
				B60837882A09A3490047CF5A /* XCRemoteSwiftPackageReference "CryptoSwift" */,
				B60837932A09F4CC0047CF5A /* XCRemoteSwiftPackageReference "Kingfisher" */,
			);
			productRefGroup = B6ADD8152A074553009F2DAB /* Products */;
			projectDirPath = "";
			projectRoot = "";
			targets = (
				B6ADD8132A074553009F2DAB /* MarvelHeroes */,
			);
		};
/* End PBXProject section */

/* Begin PBXResourcesBuildPhase section */
		B6ADD8122A074553009F2DAB /* Resources */ = {
			isa = PBXResourcesBuildPhase;
			buildActionMask = 2147483647;
			files = (
				B6ADD8242A074554009F2DAB /* LaunchScreen.storyboard in Resources */,
				B6ADD8212A074554009F2DAB /* Assets.xcassets in Resources */,
			);
			runOnlyForDeploymentPostprocessing = 0;
		};
/* End PBXResourcesBuildPhase section */

/* Begin PBXSourcesBuildPhase section */
		B6ADD8102A074553009F2DAB /* Sources */ = {
			isa = PBXSourcesBuildPhase;
			buildActionMask = 2147483647;
			files = (
				B6ADD8372A0748D7009F2DAB /* MarvelHeroesListViewModel.swift in Sources */,
				B601A4152A0820BA00988977 /* Worker.swift in Sources */,
				B6ADD8182A074553009F2DAB /* AppDelegate.swift in Sources */,
				B6ADD8392A07490C009F2DAB /* Coordinator.swift in Sources */,
				B608378D2A09D70E0047CF5A /* ApiServices.swift in Sources */,
				B601A40F2A08162A00988977 /* RequestGenerics.swift in Sources */,
				B6ADD8352A0748AD009F2DAB /* MarvelHeroesListView.swift in Sources */,
				B6ADD8332A07485A009F2DAB /* MarvelHeroesListViewController.swift in Sources */,
				B6ADD81A2A074553009F2DAB /* SceneDelegate.swift in Sources */,
				B601A4122A08202C00988977 /* Character.swift in Sources */,
				B67FDC552A0A9D35002DFD7A /* MHCharacterCollectionViewCell.swift in Sources */,
			);
			runOnlyForDeploymentPostprocessing = 0;
		};
/* End PBXSourcesBuildPhase section */

/* Begin PBXVariantGroup section */
		B6ADD8222A074554009F2DAB /* LaunchScreen.storyboard */ = {
			isa = PBXVariantGroup;
			children = (
				B6ADD8232A074554009F2DAB /* Base */,
			);
			name = LaunchScreen.storyboard;
			sourceTree = "<group>";
		};
/* End PBXVariantGroup section */

/* Begin XCBuildConfiguration section */
		B6ADD8262A074554009F2DAB /* Debug */ = {
			isa = XCBuildConfiguration;
			buildSettings = {
				ALWAYS_SEARCH_USER_PATHS = NO;
				API_KEY = SUA_API_KEY_AQUI;
				CLANG_ANALYZER_NONNULL = YES;
				CLANG_ANALYZER_NUMBER_OBJECT_CONVERSION = YES_AGGRESSIVE;
				CLANG_CXX_LANGUAGE_STANDARD = "gnu++20";
				CLANG_ENABLE_MODULES = YES;
				CLANG_ENABLE_OBJC_ARC = YES;
				CLANG_ENABLE_OBJC_WEAK = YES;
				CLANG_WARN_BLOCK_CAPTURE_AUTORELEASING = YES;
				CLANG_WARN_BOOL_CONVERSION = YES;
				CLANG_WARN_COMMA = YES;
				CLANG_WARN_CONSTANT_CONVERSION = YES;
				CLANG_WARN_DEPRECATED_OBJC_IMPLEMENTATIONS = YES;
				CLANG_WARN_DIRECT_OBJC_ISA_USAGE = YES_ERROR;
				CLANG_WARN_DOCUMENTATION_COMMENTS = YES;
				CLANG_WARN_EMPTY_BODY = YES;
				CLANG_WARN_ENUM_CONVERSION = YES;
				CLANG_WARN_INFINITE_RECURSION = YES;
				CLANG_WARN_INT_CONVERSION = YES;
				CLANG_WARN_NON_LITERAL_NULL_CONVERSION = YES;
				CLANG_WARN_OBJC_IMPLICIT_RETAIN_SELF = YES;
				CLANG_WARN_OBJC_LITERAL_CONVERSION = YES;
				CLANG_WARN_OBJC_ROOT_CLASS = YES_ERROR;
				CLANG_WARN_QUOTED_INCLUDE_IN_FRAMEWORK_HEADER = YES;
				CLANG_WARN_RANGE_LOOP_ANALYSIS = YES;
				CLANG_WARN_STRICT_PROTOTYPES = YES;
				CLANG_WARN_SUSPICIOUS_MOVE = YES;
				CLANG_WARN_UNGUARDED_AVAILABILITY = YES_AGGRESSIVE;
				CLANG_WARN_UNREACHABLE_CODE = YES;
				CLANG_WARN__DUPLICATE_METHOD_MATCH = YES;
				COPY_PHASE_STRIP = NO;
				DEBUG_INFORMATION_FORMAT = dwarf;
				ENABLE_STRICT_OBJC_MSGSEND = YES;
				ENABLE_TESTABILITY = YES;
				GCC_C_LANGUAGE_STANDARD = gnu11;
				GCC_DYNAMIC_NO_PIC = NO;
				GCC_NO_COMMON_BLOCKS = YES;
				GCC_OPTIMIZATION_LEVEL = 0;
				GCC_PREPROCESSOR_DEFINITIONS = (
					"DEBUG=1",
					"$(inherited)",
				);
				GCC_WARN_64_TO_32_BIT_CONVERSION = YES;
				GCC_WARN_ABOUT_RETURN_TYPE = YES_ERROR;
				GCC_WARN_UNDECLARED_SELECTOR = YES;
				GCC_WARN_UNINITIALIZED_AUTOS = YES_AGGRESSIVE;
				GCC_WARN_UNUSED_FUNCTION = YES;
				GCC_WARN_UNUSED_VARIABLE = YES;
				IPHONEOS_DEPLOYMENT_TARGET = 16.2;
				MTL_ENABLE_DEBUG_INFO = INCLUDE_SOURCE;
				MTL_FAST_MATH = YES;
				ONLY_ACTIVE_ARCH = YES;
				PRIVATE_KEY = SUA_PRIVATE_KEY_AQUI;
				SDKROOT = iphoneos;
				SWIFT_ACTIVE_COMPILATION_CONDITIONS = DEBUG;
				SWIFT_OPTIMIZATION_LEVEL = "-Onone";
			};
			name = Debug;
		};
		B6ADD8272A074554009F2DAB /* Release */ = {
			isa = XCBuildConfiguration;
			buildSettings = {
				ALWAYS_SEARCH_USER_PATHS = NO;
				API_KEY = SUA_API_KEY_AQUI;
				CLANG_ANALYZER_NONNULL = YES;
				CLANG_ANALYZER_NUMBER_OBJECT_CONVERSION = YES_AGGRESSIVE;
				CLANG_CXX_LANGUAGE_STANDARD = "gnu++20";
				CLANG_ENABLE_MODULES = YES;
				CLANG_ENABLE_OBJC_ARC = YES;
				CLANG_ENABLE_OBJC_WEAK = YES;
				CLANG_WARN_BLOCK_CAPTURE_AUTORELEASING = YES;
				CLANG_WARN_BOOL_CONVERSION = YES;
				CLANG_WARN_COMMA = YES;
				CLANG_WARN_CONSTANT_CONVERSION = YES;
				CLANG_WARN_DEPRECATED_OBJC_IMPLEMENTATIONS = YES;
				CLANG_WARN_DIRECT_OBJC_ISA_USAGE = YES_ERROR;
				CLANG_WARN_DOCUMENTATION_COMMENTS = YES;
				CLANG_WARN_EMPTY_BODY = YES;
				CLANG_WARN_ENUM_CONVERSION = YES;
				CLANG_WARN_INFINITE_RECURSION = YES;
				CLANG_WARN_INT_CONVERSION = YES;
				CLANG_WARN_NON_LITERAL_NULL_CONVERSION = YES;
				CLANG_WARN_OBJC_IMPLICIT_RETAIN_SELF = YES;
				CLANG_WARN_OBJC_LITERAL_CONVERSION = YES;
				CLANG_WARN_OBJC_ROOT_CLASS = YES_ERROR;
				CLANG_WARN_QUOTED_INCLUDE_IN_FRAMEWORK_HEADER = YES;
				CLANG_WARN_RANGE_LOOP_ANALYSIS = YES;
				CLANG_WARN_STRICT_PROTOTYPES = YES;
				CLANG_WARN_SUSPICIOUS_MOVE = YES;
				CLANG_WARN_UNGUARDED_AVAILABILITY = YES_AGGRESSIVE;
				CLANG_WARN_UNREACHABLE_CODE = YES;
				CLANG_WARN__DUPLICATE_METHOD_MATCH = YES;
				COPY_PHASE_STRIP = NO;
				DEBUG_INFORMATION_FORMAT = "dwarf-with-dsym";
				ENABLE_NS_ASSERTIONS = NO;
				ENABLE_STRICT_OBJC_MSGSEND = YES;
				GCC_C_LANGUAGE_STANDARD = gnu11;
				GCC_NO_COMMON_BLOCKS = YES;
				GCC_WARN_64_TO_32_BIT_CONVERSION = YES;
				GCC_WARN_ABOUT_RETURN_TYPE = YES_ERROR;
				GCC_WARN_UNDECLARED_SELECTOR = YES;
				GCC_WARN_UNINITIALIZED_AUTOS = YES_AGGRESSIVE;
				GCC_WARN_UNUSED_FUNCTION = YES;
				GCC_WARN_UNUSED_VARIABLE = YES;
				IPHONEOS_DEPLOYMENT_TARGET = 16.2;
				MTL_ENABLE_DEBUG_INFO = NO;
				MTL_FAST_MATH = YES;
				PRIVATE_KEY = SUA_PRIVATE_KEY_AQUI;
				SDKROOT = iphoneos;
				SWIFT_COMPILATION_MODE = wholemodule;
				SWIFT_OPTIMIZATION_LEVEL = "-O";
				VALIDATE_PRODUCT = YES;
			};
			name = Release;
		};
		B6ADD8292A074554009F2DAB /* Debug */ = {
			isa = XCBuildConfiguration;
			buildSettings = {
				ASSETCATALOG_COMPILER_APPICON_NAME = AppIcon;
				ASSETCATALOG_COMPILER_GLOBAL_ACCENT_COLOR_NAME = AccentColor;
				CODE_SIGN_STYLE = Automatic;
				CURRENT_PROJECT_VERSION = 1;
				GENERATE_INFOPLIST_FILE = YES;
				INFOPLIST_FILE = MarvelHeroes/Info.plist;
				INFOPLIST_KEY_UIApplicationSupportsIndirectInputEvents = YES;
				INFOPLIST_KEY_UILaunchStoryboardName = LaunchScreen;
				INFOPLIST_KEY_UIMainStoryboardFile = "";
				INFOPLIST_KEY_UISupportedInterfaceOrientations_iPad = "UIInterfaceOrientationPortrait UIInterfaceOrientationPortraitUpsideDown UIInterfaceOrientationLandscapeLeft UIInterfaceOrientationLandscapeRight";
				INFOPLIST_KEY_UISupportedInterfaceOrientations_iPhone = "UIInterfaceOrientationPortrait UIInterfaceOrientationLandscapeLeft UIInterfaceOrientationLandscapeRight";
				LD_RUNPATH_SEARCH_PATHS = (
					"$(inherited)",
					"@executable_path/Frameworks",
				);
				MARKETING_VERSION = 1.0;
				PRODUCT_BUNDLE_IDENTIFIER = "Rogerio-Martins.MarvelHeroes";
				PRODUCT_NAME = "$(TARGET_NAME)";
				SWIFT_EMIT_LOC_STRINGS = YES;
				SWIFT_VERSION = 5.0;
				TARGETED_DEVICE_FAMILY = "1,2";
			};
			name = Debug;
		};
		B6ADD82A2A074554009F2DAB /* Release */ = {
			isa = XCBuildConfiguration;
			buildSettings = {
				ASSETCATALOG_COMPILER_APPICON_NAME = AppIcon;
				ASSETCATALOG_COMPILER_GLOBAL_ACCENT_COLOR_NAME = AccentColor;
				CODE_SIGN_STYLE = Automatic;
				CURRENT_PROJECT_VERSION = 1;
				GENERATE_INFOPLIST_FILE = YES;
				INFOPLIST_FILE = MarvelHeroes/Info.plist;
				INFOPLIST_KEY_UIApplicationSupportsIndirectInputEvents = YES;
				INFOPLIST_KEY_UILaunchStoryboardName = LaunchScreen;
				INFOPLIST_KEY_UIMainStoryboardFile = "";
				INFOPLIST_KEY_UISupportedInterfaceOrientations_iPad = "UIInterfaceOrientationPortrait UIInterfaceOrientationPortraitUpsideDown UIInterfaceOrientationLandscapeLeft UIInterfaceOrientationLandscapeRight";
				INFOPLIST_KEY_UISupportedInterfaceOrientations_iPhone = "UIInterfaceOrientationPortrait UIInterfaceOrientationLandscapeLeft UIInterfaceOrientationLandscapeRight";
				LD_RUNPATH_SEARCH_PATHS = (
					"$(inherited)",
					"@executable_path/Frameworks",
				);
				MARKETING_VERSION = 1.0;
				PRODUCT_BUNDLE_IDENTIFIER = "Rogerio-Martins.MarvelHeroes";
				PRODUCT_NAME = "$(TARGET_NAME)";
				SWIFT_EMIT_LOC_STRINGS = YES;
				SWIFT_VERSION = 5.0;
				TARGETED_DEVICE_FAMILY = "1,2";
			};
			name = Release;
		};
/* End XCBuildConfiguration section */

/* Begin XCConfigurationList section */
		B6ADD80F2A074553009F2DAB /* Build configuration list for PBXProject "MarvelHeroes" */ = {
			isa = XCConfigurationList;
			buildConfigurations = (
				B6ADD8262A074554009F2DAB /* Debug */,
				B6ADD8272A074554009F2DAB /* Release */,
			);
			defaultConfigurationIsVisible = 0;
			defaultConfigurationName = Release;
		};
		B6ADD8282A074554009F2DAB /* Build configuration list for PBXNativeTarget "MarvelHeroes" */ = {
			isa = XCConfigurationList;
			buildConfigurations = (
				B6ADD8292A074554009F2DAB /* Debug */,
				B6ADD82A2A074554009F2DAB /* Release */,
			);
			defaultConfigurationIsVisible = 0;
			defaultConfigurationName = Release;
		};
/* End XCConfigurationList section */

/* Begin XCRemoteSwiftPackageReference section */
		B60837882A09A3490047CF5A /* XCRemoteSwiftPackageReference "CryptoSwift" */ = {
			isa = XCRemoteSwiftPackageReference;
			repositoryURL = "https://github.com/krzyzanowskim/CryptoSwift.git";
			requirement = {
				kind = upToNextMajorVersion;
				minimumVersion = 1.0.0;
			};
		};
		B60837932A09F4CC0047CF5A /* XCRemoteSwiftPackageReference "Kingfisher" */ = {
			isa = XCRemoteSwiftPackageReference;
			repositoryURL = "https://github.com/onevcat/Kingfisher.git";
			requirement = {
				kind = upToNextMajorVersion;
				minimumVersion = 7.0.0;
			};
		};
/* End XCRemoteSwiftPackageReference section */

/* Begin XCSwiftPackageProductDependency section */
		B60837892A09A3490047CF5A /* CryptoSwift */ = {
			isa = XCSwiftPackageProductDependency;
			package = B60837882A09A3490047CF5A /* XCRemoteSwiftPackageReference "CryptoSwift" */;
			productName = CryptoSwift;
		};
		B60837942A09F4CC0047CF5A /* Kingfisher */ = {
			isa = XCSwiftPackageProductDependency;
			package = B60837932A09F4CC0047CF5A /* XCRemoteSwiftPackageReference "Kingfisher" */;
			productName = Kingfisher;
		};
/* End XCSwiftPackageProductDependency section */
	};
	rootObject = B6ADD80C2A074553009F2DAB /* Project object */;
}
